// !$*UTF8*$!
{
	archiveVersion = 1;
	classes = {
	};
	objectVersion = 46;
	objects = {

/* Begin PBXBuildFile section */
		43CBF3281F2F055F00FBD56C /* AppDelegate.swift in Sources */ = {isa = PBXBuildFile; fileRef = 43CBF3271F2F055F00FBD56C /* AppDelegate.swift */; };
		43CBF32D1F2F055F00FBD56C /* Main.storyboard in Resources */ = {isa = PBXBuildFile; fileRef = 43CBF32B1F2F055F00FBD56C /* Main.storyboard */; };
		43CBF32F1F2F055F00FBD56C /* Assets.xcassets in Resources */ = {isa = PBXBuildFile; fileRef = 43CBF32E1F2F055F00FBD56C /* Assets.xcassets */; };
		43CBF3321F2F055F00FBD56C /* LaunchScreen.storyboard in Resources */ = {isa = PBXBuildFile; fileRef = 43CBF3301F2F055F00FBD56C /* LaunchScreen.storyboard */; };
		43CBF33A1F2F07F800FBD56C /* WeatherTableViewController.swift in Sources */ = {isa = PBXBuildFile; fileRef = 43CBF3391F2F07F800FBD56C /* WeatherTableViewController.swift */; };
		43CBF33C1F2F08C600FBD56C /* Weather.swift in Sources */ = {isa = PBXBuildFile; fileRef = 43CBF33B1F2F08C600FBD56C /* Weather.swift */; };
/* End PBXBuildFile section */

/* Begin PBXFileReference section */
		43CBF3241F2F055F00FBD56C /* SwiftWeather.app */ = {isa = PBXFileReference; explicitFileType = wrapper.application; includeInIndex = 0; path = SwiftWeather.app; sourceTree = BUILT_PRODUCTS_DIR; };
		43CBF3271F2F055F00FBD56C /* AppDelegate.swift */ = {isa = PBXFileReference; lastKnownFileType = sourcecode.swift; path = AppDelegate.swift; sourceTree = "<group>"; };
		43CBF32C1F2F055F00FBD56C /* Base */ = {isa = PBXFileReference; lastKnownFileType = file.storyboard; name = Base; path = Base.lproj/Main.storyboard; sourceTree = "<group>"; };
		43CBF32E1F2F055F00FBD56C /* Assets.xcassets */ = {isa = PBXFileReference; lastKnownFileType = folder.assetcatalog; path = Assets.xcassets; sourceTree = "<group>"; };
		43CBF3311F2F055F00FBD56C /* Base */ = {isa = PBXFileReference; lastKnownFileType = file.storyboard; name = Base; path = Base.lproj/LaunchScreen.storyboard; sourceTree = "<group>"; };
		43CBF3331F2F055F00FBD56C /* Info.plist */ = {isa = PBXFileReference; lastKnownFileType = text.plist.xml; path = Info.plist; sourceTree = "<group>"; };
		43CBF3391F2F07F800FBD56C /* WeatherTableViewController.swift */ = {isa = PBXFileReference; fileEncoding = 4; lastKnownFileType = sourcecode.swift; path = WeatherTableViewController.swift; sourceTree = "<group>"; };
		43CBF33B1F2F08C600FBD56C /* Weather.swift */ = {isa = PBXFileReference; fileEncoding = 4; lastKnownFileType = sourcecode.swift; path = Weather.swift; sourceTree = "<group>"; };
/* End PBXFileReference section */

/* Begin PBXFrameworksBuildPhase section */
		43CBF3211F2F055F00FBD56C /* Frameworks */ = {
			isa = PBXFrameworksBuildPhase;
			buildActionMask = 2147483647;
			files = (
			);
			runOnlyForDeploymentPostprocessing = 0;
		};
/* End PBXFrameworksBuildPhase section */

/* Begin PBXGroup section */
		43CBF31B1F2F055F00FBD56C = {
			isa = PBXGroup;
			children = (
				43CBF3261F2F055F00FBD56C /* SwiftWeather */,
				43CBF3251F2F055F00FBD56C /* Products */,
			);
			sourceTree = "<group>";
		};
		43CBF3251F2F055F00FBD56C /* Products */ = {
			isa = PBXGroup;
			children = (
				43CBF3241F2F055F00FBD56C /* SwiftWeather.app */,
			);
			name = Products;
			sourceTree = "<group>";
		};
		43CBF3261F2F055F00FBD56C /* SwiftWeather */ = {
			isa = PBXGroup;
			children = (
				43CBF3271F2F055F00FBD56C /* AppDelegate.swift */,
				43CBF33B1F2F08C600FBD56C /* Weather.swift */,
				43CBF3391F2F07F800FBD56C /* WeatherTableViewController.swift */,
				43CBF32B1F2F055F00FBD56C /* Main.storyboard */,
				43CBF32E1F2F055F00FBD56C /* Assets.xcassets */,
				43CBF3301F2F055F00FBD56C /* LaunchScreen.storyboard */,
				43CBF3331F2F055F00FBD56C /* Info.plist */,
			);
			path = SwiftWeather;
			sourceTree = "<group>";
		};
/* End PBXGroup section */

/* Begin PBXNativeTarget section */
		43CBF3231F2F055F00FBD56C /* SwiftWeather */ = {
			isa = PBXNativeTarget;
			buildConfigurationList = 43CBF3361F2F055F00FBD56C /* Build configuration list for PBXNativeTarget "SwiftWeather" */;
			buildPhases = (
				43CBF3201F2F055F00FBD56C /* Sources */,
				43CBF3211F2F055F00FBD56C /* Frameworks */,
				43CBF3221F2F055F00FBD56C /* Resources */,
			);
			buildRules = (
			);
			dependencies = (
			);
			name = SwiftWeather;
			productName = SwiftWeather;
			productReference = 43CBF3241F2F055F00FBD56C /* SwiftWeather.app */;
			productType = "com.apple.product-type.application";
		};
/* End PBXNativeTarget section */

/* Begin PBXProject section */
		43CBF31C1F2F055F00FBD56C /* Project object */ = {
			isa = PBXProject;
			attributes = {
				LastSwiftUpdateCheck = 0830;
				LastUpgradeCheck = 0830;
				ORGANIZATIONNAME = Daria;
				TargetAttributes = {
					43CBF3231F2F055F00FBD56C = {
						CreatedOnToolsVersion = 8.3.3;
						ProvisioningStyle = Automatic;
					};
				};
			};
			buildConfigurationList = 43CBF31F1F2F055F00FBD56C /* Build configuration list for PBXProject "SwiftWeather" */;
			compatibilityVersion = "Xcode 3.2";
			developmentRegion = English;
			hasScannedForEncodings = 0;
			knownRegions = (
				en,
				Base,
			);
			mainGroup = 43CBF31B1F2F055F00FBD56C;
			productRefGroup = 43CBF3251F2F055F00FBD56C /* Products */;
			projectDirPath = "";
			projectRoot = "";
			targets = (
				43CBF3231F2F055F00FBD56C /* SwiftWeather */,
			);
		};
/* End PBXProject section */

/* Begin PBXResourcesBuildPhase section */
		43CBF3221F2F055F00FBD56C /* Resources */ = {
			isa = PBXResourcesBuildPhase;
			buildActionMask = 2147483647;
			files = (
				43CBF3321F2F055F00FBD56C /* LaunchScreen.storyboard in Resources */,
				43CBF32F1F2F055F00FBD56C /* Assets.xcassets in Resources */,
				43CBF32D1F2F055F00FBD56C /* Main.storyboard in Resources */,
			);
			runOnlyForDeploymentPostprocessing = 0;
		};
/* End PBXResourcesBuildPhase section */

/* Begin PBXSourcesBuildPhase section */
		43CBF3201F2F055F00FBD56C /* Sources */ = {
			isa = PBXSourcesBuildPhase;
			buildActionMask = 2147483647;
			files = (
				43CBF33A1F2F07F800FBD56C /* WeatherTableViewController.swift in Sources */,
				43CBF33C1F2F08C600FBD56C /* Weather.swift in Sources */,
				43CBF3281F2F055F00FBD56C /* AppDelegate.swift in Sources */,
			);
			runOnlyForDeploymentPostprocessing = 0;
		};
/* End PBXSourcesBuildPhase section */

/* Begin PBXVariantGroup section */
		43CBF32B1F2F055F00FBD56C /* Main.storyboard */ = {
			isa = PBXVariantGroup;
			children = (
				43CBF32C1F2F055F00FBD56C /* Base */,
			);
			name = Main.storyboard;
			sourceTree = "<group>";
		};
		43CBF3301F2F055F00FBD56C /* LaunchScreen.storyboard */ = {
			isa = PBXVariantGroup;
			children = (
				43CBF3311F2F055F00FBD56C /* Base */,
			);
			name = LaunchScreen.storyboard;
			sourceTree = "<group>";
		};
/* End PBXVariantGroup section */

/* Begin XCBuildConfiguration section */
		43CBF3341F2F055F00FBD56C /* Debug */ = {
			isa = XCBuildConfiguration;
			buildSettings = {
				ALWAYS_SEARCH_USER_PATHS = NO;
				CLANG_ANALYZER_NONNULL = YES;
				CLANG_ANALYZER_NUMBER_OBJECT_CONVERSION = YES_AGGRESSIVE;
				CLANG_CXX_LANGUAGE_STANDARD = "gnu++0x";
				CLANG_CXX_LIBRARY = "libc++";
				CLANG_ENABLE_MODULES = YES;
				CLANG_ENABLE_OBJC_ARC = YES;
				CLANG_WARN_BOOL_CONVERSION = YES;
				CLANG_WARN_CONSTANT_CONVERSION = YES;
				CLANG_WARN_DIRECT_OBJC_ISA_USAGE = YES_ERROR;
				CLANG_WARN_DOCUMENTATION_COMMENTS = YES;
				CLANG_WARN_EMPTY_BODY = YES;
				CLANG_WARN_ENUM_CONVERSION = YES;
				CLANG_WARN_INFINITE_RECURSION = YES;
				CLANG_WARN_INT_CONVERSION = YES;
				CLANG_WARN_OBJC_ROOT_CLASS = YES_ERROR;
				CLANG_WARN_SUSPICIOUS_MOVE = YES;
				CLANG_WARN_UNREACHABLE_CODE = YES;
				CLANG_WARN__DUPLICATE_METHOD_MATCH = YES;
				"CODE_SIGN_IDENTITY[sdk=iphoneos*]" = "iPhone Developer";
				COPY_PHASE_STRIP = NO;
				DEBUG_INFORMATION_FORMAT = dwarf;
				ENABLE_STRICT_OBJC_MSGSEND = YES;
				ENABLE_TESTABILITY = YES;
				GCC_C_LANGUAGE_STANDARD = gnu99;
				GCC_DYNAMIC_NO_PIC = NO;
				GCC_NO_COMMON_BLOCKS = YES;
				GCC_OPTIMIZATION_LEVEL = 0;
				GCC_PREPROCESSOR_DEFINITIONS = (
					"DEBUG=1",
					"$(inherited)",
				);
				GCC_WARN_64_TO_32_BIT_CONVERSION = YES;
				GCC_WARN_ABOUT_RETURN_TYPE = YES_ERROR;
				GCC_WARN_UNDECLARED_SELECTOR = YES;
				GCC_WARN_UNINITIALIZED_AUTOS = YES_AGGRESSIVE;
				GCC_WARN_UNUSED_FUNCTION = YES;
				GCC_WARN_UNUSED_VARIABLE = YES;
				IPHONEOS_DEPLOYMENT_TARGET = 10.3;
				MTL_ENABLE_DEBUG_INFO = YES;
				ONLY_ACTIVE_ARCH = YES;
				SDKROOT = iphoneos;
				SWIFT_ACTIVE_COMPILATION_CONDITIONS = DEBUG;
				SWIFT_OPTIMIZATION_LEVEL = "-Onone";
			};
			name = Debug;
		};
		43CBF3351F2F055F00FBD56C /* Release */ = {
			isa = XCBuildConfiguration;
			buildSettings = {
				ALWAYS_SEARCH_USER_PATHS = NO;
				CLANG_ANALYZER_NONNULL = YES;
				CLANG_ANALYZER_NUMBER_OBJECT_CONVERSION = YES_AGGRESSIVE;
				CLANG_CXX_LANGUAGE_STANDARD = "gnu++0x";
				CLANG_CXX_LIBRARY = "libc++";
				CLANG_ENABLE_MODULES = YES;
				CLANG_ENABLE_OBJC_ARC = YES;
				CLANG_WARN_BOOL_CONVERSION = YES;
				CLANG_WARN_CONSTANT_CONVERSION = YES;
				CLANG_WARN_DIRECT_OBJC_ISA_USAGE = YES_ERROR;
				CLANG_WARN_DOCUMENTATION_COMMENTS = YES;
				CLANG_WARN_EMPTY_BODY = YES;
				CLANG_WARN_ENUM_CONVERSION = YES;
				CLANG_WARN_INFINITE_RECURSION = YES;
				CLANG_WARN_INT_CONVERSION = YES;
				CLANG_WARN_OBJC_ROOT_CLASS = YES_ERROR;
				CLANG_WARN_SUSPICIOUS_MOVE = YES;
				CLANG_WARN_UNREACHABLE_CODE = YES;
				CLANG_WARN__DUPLICATE_METHOD_MATCH = YES;
				"CODE_SIGN_IDENTITY[sdk=iphoneos*]" = "iPhone Developer";
				COPY_PHASE_STRIP = NO;
				DEBUG_INFORMATION_FORMAT = "dwarf-with-dsym";
				ENABLE_NS_ASSERTIONS = NO;
				ENABLE_STRICT_OBJC_MSGSEND = YES;
				GCC_C_LANGUAGE_STANDARD = gnu99;
				GCC_NO_COMMON_BLOCKS = YES;
				GCC_WARN_64_TO_32_BIT_CONVERSION = YES;
				GCC_WARN_ABOUT_RETURN_TYPE = YES_ERROR;
				GCC_WARN_UNDECLARED_SELECTOR = YES;
				GCC_WARN_UNINITIALIZED_AUTOS = YES_AGGRESSIVE;
				GCC_WARN_UNUSED_FUNCTION = YES;
				GCC_WARN_UNUSED_VARIABLE = YES;
				IPHONEOS_DEPLOYMENT_TARGET = 10.3;
				MTL_ENABLE_DEBUG_INFO = NO;
				SDKROOT = iphoneos;
				SWIFT_OPTIMIZATION_LEVEL = "-Owholemodule";
				VALIDATE_PRODUCT = YES;
			};
			name = Release;
		};
		43CBF3371F2F055F00FBD56C /* Debug */ = {
			isa = XCBuildConfiguration;
			buildSettings = {
				ASSETCATALOG_COMPILER_APPICON_NAME = AppIcon;
				INFOPLIST_FILE = SwiftWeather/Info.plist;
				LD_RUNPATH_SEARCH_PATHS = "$(inherited) @executable_path/Frameworks";
				PRODUCT_BUNDLE_IDENTIFIER = com.daria.SwiftWeather;
				PRODUCT_NAME = "$(TARGET_NAME)";
				SWIFT_VERSION = 3.0;
			};
			name = Debug;
		};
		43CBF3381F2F055F00FBD56C /* Release */ = {
			isa = XCBuildConfiguration;
			buildSettings = {
				ASSETCATALOG_COMPILER_APPICON_NAME = AppIcon;
				INFOPLIST_FILE = SwiftWeather/Info.plist;
				LD_RUNPATH_SEARCH_PATHS = "$(inherited) @executable_path/Frameworks";
				PRODUCT_BUNDLE_IDENTIFIER = com.daria.SwiftWeather;
				PRODUCT_NAME = "$(TARGET_NAME)";
				SWIFT_VERSION = 3.0;
			};
			name = Release;
		};
/* End XCBuildConfiguration section */

/* Begin XCConfigurationList section */
		43CBF31F1F2F055F00FBD56C /* Build configuration list for PBXProject "SwiftWeather" */ = {
			isa = XCConfigurationList;
			buildConfigurations = (
				43CBF3341F2F055F00FBD56C /* Debug */,
				43CBF3351F2F055F00FBD56C /* Release */,
			);
			defaultConfigurationIsVisible = 0;
			defaultConfigurationName = Release;
		};
		43CBF3361F2F055F00FBD56C /* Build configuration list for PBXNativeTarget "SwiftWeather" */ = {
			isa = XCConfigurationList;
			buildConfigurations = (
				43CBF3371F2F055F00FBD56C /* Debug */,
				43CBF3381F2F055F00FBD56C /* Release */,
			);
			defaultConfigurationIsVisible = 0;
		};
/* End XCConfigurationList section */
	};
	rootObject = 43CBF31C1F2F055F00FBD56C /* Project object */;
}
